{
  "name": "demo",
  "version": "1.0.1",
  "lockfileVersion": 1,
  "requires": true,
  "dependencies": {
    "ts-md5": {
      "version": "1.2.4",
      "resolved": "https://registry.npmjs.org/ts-md5/-/ts-md5-1.2.4.tgz",
      "integrity": "sha512-oW+rNjc9CAhalPFzbPWsLqPLzdNcJ8iSm+OXO+Uv+99r3PzCJuM5sVc0bO1eS+4LD2xv+nfU7ylBdwoemUV9Yw=="
    },
    "typescript": {
      "version": "3.4.1",
      "resolved": "https://registry.npmjs.org/typescript/-/typescript-3.4.1.tgz",
      "integrity": "sha512-3NSMb2VzDQm8oBTLH6Nj55VVtUEpe/rgkIzMir0qVoLyjDZlnMBva0U6vDiV3IH+sl/Yu6oP5QwsAQtHPmDd2Q==",
      "dev": true
    }
  }
}
